
Microsoft Visual Studio Solution File, Format Version 12.00
# Visual Studio Version 16
VisualStudioVersion = 16.0.30907.101
MinimumVisualStudioVersion = 10.0.40219.1
Project("{FAE04EC0-301F-11D3-BF4B-00C04F79EFBC}") = "Test Creator", "Test Creator\Test Creator.csproj", "{EE7DBE3E-5856-410B-9BCC-745DC6554F5D}"
EndProject
Global
	GlobalSection(SolutionConfigurationPlatforms) = preSolution
		Debug|Any CPU = Debug|Any CPU
		Release|Any CPU = Release|Any CPU
	EndGlobalSection
	GlobalSection(ProjectConfigurationPlatforms) = postSolution
		{EE7DBE3E-5856-410B-9BCC-745DC6554F5D}.Debug|Any CPU.ActiveCfg = Debug|Any CPU
		{EE7DBE3E-5856-410B-9BCC-745DC6554F5D}.Debug|Any CPU.Build.0 = Debug|Any CPU
		{EE7DBE3E-5856-410B-9BCC-745DC6554F5D}.Release|Any CPU.ActiveCfg = Release|Any CPU
		{EE7DBE3E-5856-410B-9BCC-745DC6554F5D}.Release|Any CPU.Build.0 = Release|Any CPU
	EndGlobalSection
	GlobalSection(SolutionProperties) = preSolution
		HideSolutionNode = FALSE
	EndGlobalSection
	GlobalSection(ExtensibilityGlobals) = postSolution
		SolutionGuid = {40E2DB9B-2C1F-4FA6-BE0F-3CAB61A1F28C}
	EndGlobalSection
EndGlobal
